// !$*UTF8*$!
{
	archiveVersion = 1;
	classes = {
	};
	objectVersion = 56;
	objects = {

/* Begin PBXBuildFile section */
		068E25D928F20FFA00C987B7 /* AppDelegate.swift in Sources */ = {isa = PBXBuildFile; fileRef = 068E25D828F20FFA00C987B7 /* AppDelegate.swift */; };
		068E25DB28F20FFA00C987B7 /* SceneDelegate.swift in Sources */ = {isa = PBXBuildFile; fileRef = 068E25DA28F20FFA00C987B7 /* SceneDelegate.swift */; };
		068E25DD28F20FFA00C987B7 /* ViewController.swift in Sources */ = {isa = PBXBuildFile; fileRef = 068E25DC28F20FFA00C987B7 /* ViewController.swift */; };
		068E25E028F20FFA00C987B7 /* Main.storyboard in Resources */ = {isa = PBXBuildFile; fileRef = 068E25DE28F20FFA00C987B7 /* Main.storyboard */; };
		068E25E228F20FFC00C987B7 /* Assets.xcassets in Resources */ = {isa = PBXBuildFile; fileRef = 068E25E128F20FFC00C987B7 /* Assets.xcassets */; };
		068E25E528F20FFC00C987B7 /* LaunchScreen.storyboard in Resources */ = {isa = PBXBuildFile; fileRef = 068E25E328F20FFC00C987B7 /* LaunchScreen.storyboard */; };
		068E25FA28F20FFC00C987B7 /* TDD_CRUD_FormUITests.swift in Sources */ = {isa = PBXBuildFile; fileRef = 068E25F928F20FFC00C987B7 /* TDD_CRUD_FormUITests.swift */; };
		068E25FC28F20FFC00C987B7 /* TDD_CRUD_FormUITestsLaunchTests.swift in Sources */ = {isa = PBXBuildFile; fileRef = 068E25FB28F20FFC00C987B7 /* TDD_CRUD_FormUITestsLaunchTests.swift */; };
		068E260928F211AC00C987B7 /* SignUpModelFormFirstNameValidatorTest.swift in Sources */ = {isa = PBXBuildFile; fileRef = 068E260828F211AC00C987B7 /* SignUpModelFormFirstNameValidatorTest.swift */; };
		068E260B28F2128A00C987B7 /* SignupFormModelValidator.swift in Sources */ = {isa = PBXBuildFile; fileRef = 068E260A28F2128A00C987B7 /* SignupFormModelValidator.swift */; };
		068E260D28F21B5100C987B7 /* FormModelValidatorErrors.swift in Sources */ = {isa = PBXBuildFile; fileRef = 068E260C28F21B5100C987B7 /* FormModelValidatorErrors.swift */; };
		068E261028F240A200C987B7 /* SignUpModelFormPasswordValidatorTest.swift in Sources */ = {isa = PBXBuildFile; fileRef = 068E260F28F240A200C987B7 /* SignUpModelFormPasswordValidatorTest.swift */; };
/* End PBXBuildFile section */

/* Begin PBXContainerItemProxy section */
		068E25EC28F20FFC00C987B7 /* PBXContainerItemProxy */ = {
			isa = PBXContainerItemProxy;
			containerPortal = 068E25CD28F20FFA00C987B7 /* Project object */;
			proxyType = 1;
			remoteGlobalIDString = 068E25D428F20FFA00C987B7;
			remoteInfo = "TDD_CRUD-Form";
		};
		068E25F628F20FFC00C987B7 /* PBXContainerItemProxy */ = {
			isa = PBXContainerItemProxy;
			containerPortal = 068E25CD28F20FFA00C987B7 /* Project object */;
			proxyType = 1;
			remoteGlobalIDString = 068E25D428F20FFA00C987B7;
			remoteInfo = "TDD_CRUD-Form";
		};
/* End PBXContainerItemProxy section */

/* Begin PBXFileReference section */
		068E25D528F20FFA00C987B7 /* TDD_CRUD-Form.app */ = {isa = PBXFileReference; explicitFileType = wrapper.application; includeInIndex = 0; path = "TDD_CRUD-Form.app"; sourceTree = BUILT_PRODUCTS_DIR; };
		068E25D828F20FFA00C987B7 /* AppDelegate.swift */ = {isa = PBXFileReference; lastKnownFileType = sourcecode.swift; path = AppDelegate.swift; sourceTree = "<group>"; };
		068E25DA28F20FFA00C987B7 /* SceneDelegate.swift */ = {isa = PBXFileReference; lastKnownFileType = sourcecode.swift; path = SceneDelegate.swift; sourceTree = "<group>"; };
		068E25DC28F20FFA00C987B7 /* ViewController.swift */ = {isa = PBXFileReference; lastKnownFileType = sourcecode.swift; path = ViewController.swift; sourceTree = "<group>"; };
		068E25DF28F20FFA00C987B7 /* Base */ = {isa = PBXFileReference; lastKnownFileType = file.storyboard; name = Base; path = Base.lproj/Main.storyboard; sourceTree = "<group>"; };
		068E25E128F20FFC00C987B7 /* Assets.xcassets */ = {isa = PBXFileReference; lastKnownFileType = folder.assetcatalog; path = Assets.xcassets; sourceTree = "<group>"; };
		068E25E428F20FFC00C987B7 /* Base */ = {isa = PBXFileReference; lastKnownFileType = file.storyboard; name = Base; path = Base.lproj/LaunchScreen.storyboard; sourceTree = "<group>"; };
		068E25E628F20FFC00C987B7 /* Info.plist */ = {isa = PBXFileReference; lastKnownFileType = text.plist.xml; path = Info.plist; sourceTree = "<group>"; };
		068E25EB28F20FFC00C987B7 /* TDD_CRUD-FormTests.xctest */ = {isa = PBXFileReference; explicitFileType = wrapper.cfbundle; includeInIndex = 0; path = "TDD_CRUD-FormTests.xctest"; sourceTree = BUILT_PRODUCTS_DIR; };
		068E25F528F20FFC00C987B7 /* TDD_CRUD-FormUITests.xctest */ = {isa = PBXFileReference; explicitFileType = wrapper.cfbundle; includeInIndex = 0; path = "TDD_CRUD-FormUITests.xctest"; sourceTree = BUILT_PRODUCTS_DIR; };
		068E25F928F20FFC00C987B7 /* TDD_CRUD_FormUITests.swift */ = {isa = PBXFileReference; lastKnownFileType = sourcecode.swift; path = TDD_CRUD_FormUITests.swift; sourceTree = "<group>"; };
		068E25FB28F20FFC00C987B7 /* TDD_CRUD_FormUITestsLaunchTests.swift */ = {isa = PBXFileReference; lastKnownFileType = sourcecode.swift; path = TDD_CRUD_FormUITestsLaunchTests.swift; sourceTree = "<group>"; };
		068E260828F211AC00C987B7 /* SignUpModelFormFirstNameValidatorTest.swift */ = {isa = PBXFileReference; lastKnownFileType = sourcecode.swift; path = SignUpModelFormFirstNameValidatorTest.swift; sourceTree = "<group>"; };
		068E260A28F2128A00C987B7 /* SignupFormModelValidator.swift */ = {isa = PBXFileReference; lastKnownFileType = sourcecode.swift; path = SignupFormModelValidator.swift; sourceTree = "<group>"; };
		068E260C28F21B5100C987B7 /* FormModelValidatorErrors.swift */ = {isa = PBXFileReference; lastKnownFileType = sourcecode.swift; path = FormModelValidatorErrors.swift; sourceTree = "<group>"; };
		068E260F28F240A200C987B7 /* SignUpModelFormPasswordValidatorTest.swift */ = {isa = PBXFileReference; lastKnownFileType = sourcecode.swift; path = SignUpModelFormPasswordValidatorTest.swift; sourceTree = "<group>"; };
/* End PBXFileReference section */

/* Begin PBXFrameworksBuildPhase section */
		068E25D228F20FFA00C987B7 /* Frameworks */ = {
			isa = PBXFrameworksBuildPhase;
			buildActionMask = 2147483647;
			files = (
			);
			runOnlyForDeploymentPostprocessing = 0;
		};
		068E25E828F20FFC00C987B7 /* Frameworks */ = {
			isa = PBXFrameworksBuildPhase;
			buildActionMask = 2147483647;
			files = (
			);
			runOnlyForDeploymentPostprocessing = 0;
		};
		068E25F228F20FFC00C987B7 /* Frameworks */ = {
			isa = PBXFrameworksBuildPhase;
			buildActionMask = 2147483647;
			files = (
			);
			runOnlyForDeploymentPostprocessing = 0;
		};
/* End PBXFrameworksBuildPhase section */

/* Begin PBXGroup section */
		068E25CC28F20FFA00C987B7 = {
			isa = PBXGroup;
			children = (
				068E25D728F20FFA00C987B7 /* TDD_CRUD-Form */,
				068E25EE28F20FFC00C987B7 /* TDD_CRUD-FormTests */,
				068E25F828F20FFC00C987B7 /* TDD_CRUD-FormUITests */,
				068E25D628F20FFA00C987B7 /* Products */,
			);
			sourceTree = "<group>";
		};
		068E25D628F20FFA00C987B7 /* Products */ = {
			isa = PBXGroup;
			children = (
				068E25D528F20FFA00C987B7 /* TDD_CRUD-Form.app */,
				068E25EB28F20FFC00C987B7 /* TDD_CRUD-FormTests.xctest */,
				068E25F528F20FFC00C987B7 /* TDD_CRUD-FormUITests.xctest */,
			);
			name = Products;
			sourceTree = "<group>";
		};
		068E25D728F20FFA00C987B7 /* TDD_CRUD-Form */ = {
			isa = PBXGroup;
			children = (
				068E25D828F20FFA00C987B7 /* AppDelegate.swift */,
				068E25DA28F20FFA00C987B7 /* SceneDelegate.swift */,
				068E25DC28F20FFA00C987B7 /* ViewController.swift */,
				068E25DE28F20FFA00C987B7 /* Main.storyboard */,
				068E25E128F20FFC00C987B7 /* Assets.xcassets */,
				068E25E328F20FFC00C987B7 /* LaunchScreen.storyboard */,
				068E25E628F20FFC00C987B7 /* Info.plist */,
				068E260A28F2128A00C987B7 /* SignupFormModelValidator.swift */,
				068E260C28F21B5100C987B7 /* FormModelValidatorErrors.swift */,
			);
			path = "TDD_CRUD-Form";
			sourceTree = "<group>";
		};
		068E25EE28F20FFC00C987B7 /* TDD_CRUD-FormTests */ = {
			isa = PBXGroup;
			children = (
				068E260E28F23E7600C987B7 /* SignUpModelValidatorTests */,
			);
			path = "TDD_CRUD-FormTests";
			sourceTree = "<group>";
		};
		068E25F828F20FFC00C987B7 /* TDD_CRUD-FormUITests */ = {
			isa = PBXGroup;
			children = (
				068E25F928F20FFC00C987B7 /* TDD_CRUD_FormUITests.swift */,
				068E25FB28F20FFC00C987B7 /* TDD_CRUD_FormUITestsLaunchTests.swift */,
			);
			path = "TDD_CRUD-FormUITests";
			sourceTree = "<group>";
		};
		068E260E28F23E7600C987B7 /* SignUpModelValidatorTests */ = {
			isa = PBXGroup;
			children = (
				068E260828F211AC00C987B7 /* SignUpModelFormFirstNameValidatorTest.swift */,
				068E260F28F240A200C987B7 /* SignUpModelFormPasswordValidatorTest.swift */,
			);
			path = SignUpModelValidatorTests;
			sourceTree = "<group>";
		};
/* End PBXGroup section */

/* Begin PBXNativeTarget section */
		068E25D428F20FFA00C987B7 /* TDD_CRUD-Form */ = {
			isa = PBXNativeTarget;
			buildConfigurationList = 068E25FF28F20FFC00C987B7 /* Build configuration list for PBXNativeTarget "TDD_CRUD-Form" */;
			buildPhases = (
				068E25D128F20FFA00C987B7 /* Sources */,
				068E25D228F20FFA00C987B7 /* Frameworks */,
				068E25D328F20FFA00C987B7 /* Resources */,
			);
			buildRules = (
			);
			dependencies = (
			);
			name = "TDD_CRUD-Form";
			productName = "TDD_CRUD-Form";
			productReference = 068E25D528F20FFA00C987B7 /* TDD_CRUD-Form.app */;
			productType = "com.apple.product-type.application";
		};
		068E25EA28F20FFC00C987B7 /* TDD_CRUD-FormTests */ = {
			isa = PBXNativeTarget;
			buildConfigurationList = 068E260228F20FFC00C987B7 /* Build configuration list for PBXNativeTarget "TDD_CRUD-FormTests" */;
			buildPhases = (
				068E25E728F20FFC00C987B7 /* Sources */,
				068E25E828F20FFC00C987B7 /* Frameworks */,
				068E25E928F20FFC00C987B7 /* Resources */,
			);
			buildRules = (
			);
			dependencies = (
				068E25ED28F20FFC00C987B7 /* PBXTargetDependency */,
			);
			name = "TDD_CRUD-FormTests";
			productName = "TDD_CRUD-FormTests";
			productReference = 068E25EB28F20FFC00C987B7 /* TDD_CRUD-FormTests.xctest */;
			productType = "com.apple.product-type.bundle.unit-test";
		};
		068E25F428F20FFC00C987B7 /* TDD_CRUD-FormUITests */ = {
			isa = PBXNativeTarget;
			buildConfigurationList = 068E260528F20FFC00C987B7 /* Build configuration list for PBXNativeTarget "TDD_CRUD-FormUITests" */;
			buildPhases = (
				068E25F128F20FFC00C987B7 /* Sources */,
				068E25F228F20FFC00C987B7 /* Frameworks */,
				068E25F328F20FFC00C987B7 /* Resources */,
			);
			buildRules = (
			);
			dependencies = (
				068E25F728F20FFC00C987B7 /* PBXTargetDependency */,
			);
			name = "TDD_CRUD-FormUITests";
			productName = "TDD_CRUD-FormUITests";
			productReference = 068E25F528F20FFC00C987B7 /* TDD_CRUD-FormUITests.xctest */;
			productType = "com.apple.product-type.bundle.ui-testing";
		};
/* End PBXNativeTarget section */

/* Begin PBXProject section */
		068E25CD28F20FFA00C987B7 /* Project object */ = {
			isa = PBXProject;
			attributes = {
				BuildIndependentTargetsInParallel = 1;
				LastSwiftUpdateCheck = 1400;
				LastUpgradeCheck = 1400;
				TargetAttributes = {
					068E25D428F20FFA00C987B7 = {
						CreatedOnToolsVersion = 14.0;
					};
					068E25EA28F20FFC00C987B7 = {
						CreatedOnToolsVersion = 14.0;
						TestTargetID = 068E25D428F20FFA00C987B7;
					};
					068E25F428F20FFC00C987B7 = {
						CreatedOnToolsVersion = 14.0;
						TestTargetID = 068E25D428F20FFA00C987B7;
					};
				};
			};
			buildConfigurationList = 068E25D028F20FFA00C987B7 /* Build configuration list for PBXProject "TDD_CRUD-Form" */;
			compatibilityVersion = "Xcode 14.0";
			developmentRegion = en;
			hasScannedForEncodings = 0;
			knownRegions = (
				en,
				Base,
			);
			mainGroup = 068E25CC28F20FFA00C987B7;
			productRefGroup = 068E25D628F20FFA00C987B7 /* Products */;
			projectDirPath = "";
			projectRoot = "";
			targets = (
				068E25D428F20FFA00C987B7 /* TDD_CRUD-Form */,
				068E25EA28F20FFC00C987B7 /* TDD_CRUD-FormTests */,
				068E25F428F20FFC00C987B7 /* TDD_CRUD-FormUITests */,
			);
		};
/* End PBXProject section */

/* Begin PBXResourcesBuildPhase section */
		068E25D328F20FFA00C987B7 /* Resources */ = {
			isa = PBXResourcesBuildPhase;
			buildActionMask = 2147483647;
			files = (
				068E25E528F20FFC00C987B7 /* LaunchScreen.storyboard in Resources */,
				068E25E228F20FFC00C987B7 /* Assets.xcassets in Resources */,
				068E25E028F20FFA00C987B7 /* Main.storyboard in Resources */,
			);
			runOnlyForDeploymentPostprocessing = 0;
		};
		068E25E928F20FFC00C987B7 /* Resources */ = {
			isa = PBXResourcesBuildPhase;
			buildActionMask = 2147483647;
			files = (
			);
			runOnlyForDeploymentPostprocessing = 0;
		};
		068E25F328F20FFC00C987B7 /* Resources */ = {
			isa = PBXResourcesBuildPhase;
			buildActionMask = 2147483647;
			files = (
			);
			runOnlyForDeploymentPostprocessing = 0;
		};
/* End PBXResourcesBuildPhase section */

/* Begin PBXSourcesBuildPhase section */
		068E25D128F20FFA00C987B7 /* Sources */ = {
			isa = PBXSourcesBuildPhase;
			buildActionMask = 2147483647;
			files = (
				068E25DD28F20FFA00C987B7 /* ViewController.swift in Sources */,
				068E25D928F20FFA00C987B7 /* AppDelegate.swift in Sources */,
				068E260D28F21B5100C987B7 /* FormModelValidatorErrors.swift in Sources */,
				068E260B28F2128A00C987B7 /* SignupFormModelValidator.swift in Sources */,
				068E25DB28F20FFA00C987B7 /* SceneDelegate.swift in Sources */,
			);
			runOnlyForDeploymentPostprocessing = 0;
		};
		068E25E728F20FFC00C987B7 /* Sources */ = {
			isa = PBXSourcesBuildPhase;
			buildActionMask = 2147483647;
			files = (
				068E260928F211AC00C987B7 /* SignUpModelFormFirstNameValidatorTest.swift in Sources */,
				068E261028F240A200C987B7 /* SignUpModelFormPasswordValidatorTest.swift in Sources */,
			);
			runOnlyForDeploymentPostprocessing = 0;
		};
		068E25F128F20FFC00C987B7 /* Sources */ = {
			isa = PBXSourcesBuildPhase;
			buildActionMask = 2147483647;
			files = (
				068E25FA28F20FFC00C987B7 /* TDD_CRUD_FormUITests.swift in Sources */,
				068E25FC28F20FFC00C987B7 /* TDD_CRUD_FormUITestsLaunchTests.swift in Sources */,
			);
			runOnlyForDeploymentPostprocessing = 0;
		};
/* End PBXSourcesBuildPhase section */

/* Begin PBXTargetDependency section */
		068E25ED28F20FFC00C987B7 /* PBXTargetDependency */ = {
			isa = PBXTargetDependency;
			target = 068E25D428F20FFA00C987B7 /* TDD_CRUD-Form */;
			targetProxy = 068E25EC28F20FFC00C987B7 /* PBXContainerItemProxy */;
		};
		068E25F728F20FFC00C987B7 /* PBXTargetDependency */ = {
			isa = PBXTargetDependency;
			target = 068E25D428F20FFA00C987B7 /* TDD_CRUD-Form */;
			targetProxy = 068E25F628F20FFC00C987B7 /* PBXContainerItemProxy */;
		};
/* End PBXTargetDependency section */

/* Begin PBXVariantGroup section */
		068E25DE28F20FFA00C987B7 /* Main.storyboard */ = {
			isa = PBXVariantGroup;
			children = (
				068E25DF28F20FFA00C987B7 /* Base */,
			);
			name = Main.storyboard;
			sourceTree = "<group>";
		};
		068E25E328F20FFC00C987B7 /* LaunchScreen.storyboard */ = {
			isa = PBXVariantGroup;
			children = (
				068E25E428F20FFC00C987B7 /* Base */,
			);
			name = LaunchScreen.storyboard;
			sourceTree = "<group>";
		};
/* End PBXVariantGroup section */

/* Begin XCBuildConfiguration section */
		068E25FD28F20FFC00C987B7 /* Debug */ = {
			isa = XCBuildConfiguration;
			buildSettings = {
				ALWAYS_SEARCH_USER_PATHS = NO;
				CLANG_ANALYZER_NONNULL = YES;
				CLANG_ANALYZER_NUMBER_OBJECT_CONVERSION = YES_AGGRESSIVE;
				CLANG_CXX_LANGUAGE_STANDARD = "gnu++20";
				CLANG_ENABLE_MODULES = YES;
				CLANG_ENABLE_OBJC_ARC = YES;
				CLANG_ENABLE_OBJC_WEAK = YES;
				CLANG_WARN_BLOCK_CAPTURE_AUTORELEASING = YES;
				CLANG_WARN_BOOL_CONVERSION = YES;
				CLANG_WARN_COMMA = YES;
				CLANG_WARN_CONSTANT_CONVERSION = YES;
				CLANG_WARN_DEPRECATED_OBJC_IMPLEMENTATIONS = YES;
				CLANG_WARN_DIRECT_OBJC_ISA_USAGE = YES_ERROR;
				CLANG_WARN_DOCUMENTATION_COMMENTS = YES;
				CLANG_WARN_EMPTY_BODY = YES;
				CLANG_WARN_ENUM_CONVERSION = YES;
				CLANG_WARN_INFINITE_RECURSION = YES;
				CLANG_WARN_INT_CONVERSION = YES;
				CLANG_WARN_NON_LITERAL_NULL_CONVERSION = YES;
				CLANG_WARN_OBJC_IMPLICIT_RETAIN_SELF = YES;
				CLANG_WARN_OBJC_LITERAL_CONVERSION = YES;
				CLANG_WARN_OBJC_ROOT_CLASS = YES_ERROR;
				CLANG_WARN_QUOTED_INCLUDE_IN_FRAMEWORK_HEADER = YES;
				CLANG_WARN_RANGE_LOOP_ANALYSIS = YES;
				CLANG_WARN_STRICT_PROTOTYPES = YES;
				CLANG_WARN_SUSPICIOUS_MOVE = YES;
				CLANG_WARN_UNGUARDED_AVAILABILITY = YES_AGGRESSIVE;
				CLANG_WARN_UNREACHABLE_CODE = YES;
				CLANG_WARN__DUPLICATE_METHOD_MATCH = YES;
				COPY_PHASE_STRIP = NO;
				DEBUG_INFORMATION_FORMAT = dwarf;
				ENABLE_STRICT_OBJC_MSGSEND = YES;
				ENABLE_TESTABILITY = YES;
				GCC_C_LANGUAGE_STANDARD = gnu11;
				GCC_DYNAMIC_NO_PIC = NO;
				GCC_NO_COMMON_BLOCKS = YES;
				GCC_OPTIMIZATION_LEVEL = 0;
				GCC_PREPROCESSOR_DEFINITIONS = (
					"DEBUG=1",
					"$(inherited)",
				);
				GCC_WARN_64_TO_32_BIT_CONVERSION = YES;
				GCC_WARN_ABOUT_RETURN_TYPE = YES_ERROR;
				GCC_WARN_UNDECLARED_SELECTOR = YES;
				GCC_WARN_UNINITIALIZED_AUTOS = YES_AGGRESSIVE;
				GCC_WARN_UNUSED_FUNCTION = YES;
				GCC_WARN_UNUSED_VARIABLE = YES;
				IPHONEOS_DEPLOYMENT_TARGET = 13.0;
				MTL_ENABLE_DEBUG_INFO = INCLUDE_SOURCE;
				MTL_FAST_MATH = YES;
				ONLY_ACTIVE_ARCH = YES;
				SDKROOT = iphoneos;
				SWIFT_ACTIVE_COMPILATION_CONDITIONS = DEBUG;
				SWIFT_OPTIMIZATION_LEVEL = "-Onone";
			};
			name = Debug;
		};
		068E25FE28F20FFC00C987B7 /* Release */ = {
			isa = XCBuildConfiguration;
			buildSettings = {
				ALWAYS_SEARCH_USER_PATHS = NO;
				CLANG_ANALYZER_NONNULL = YES;
				CLANG_ANALYZER_NUMBER_OBJECT_CONVERSION = YES_AGGRESSIVE;
				CLANG_CXX_LANGUAGE_STANDARD = "gnu++20";
				CLANG_ENABLE_MODULES = YES;
				CLANG_ENABLE_OBJC_ARC = YES;
				CLANG_ENABLE_OBJC_WEAK = YES;
				CLANG_WARN_BLOCK_CAPTURE_AUTORELEASING = YES;
				CLANG_WARN_BOOL_CONVERSION = YES;
				CLANG_WARN_COMMA = YES;
				CLANG_WARN_CONSTANT_CONVERSION = YES;
				CLANG_WARN_DEPRECATED_OBJC_IMPLEMENTATIONS = YES;
				CLANG_WARN_DIRECT_OBJC_ISA_USAGE = YES_ERROR;
				CLANG_WARN_DOCUMENTATION_COMMENTS = YES;
				CLANG_WARN_EMPTY_BODY = YES;
				CLANG_WARN_ENUM_CONVERSION = YES;
				CLANG_WARN_INFINITE_RECURSION = YES;
				CLANG_WARN_INT_CONVERSION = YES;
				CLANG_WARN_NON_LITERAL_NULL_CONVERSION = YES;
				CLANG_WARN_OBJC_IMPLICIT_RETAIN_SELF = YES;
				CLANG_WARN_OBJC_LITERAL_CONVERSION = YES;
				CLANG_WARN_OBJC_ROOT_CLASS = YES_ERROR;
				CLANG_WARN_QUOTED_INCLUDE_IN_FRAMEWORK_HEADER = YES;
				CLANG_WARN_RANGE_LOOP_ANALYSIS = YES;
				CLANG_WARN_STRICT_PROTOTYPES = YES;
				CLANG_WARN_SUSPICIOUS_MOVE = YES;
				CLANG_WARN_UNGUARDED_AVAILABILITY = YES_AGGRESSIVE;
				CLANG_WARN_UNREACHABLE_CODE = YES;
				CLANG_WARN__DUPLICATE_METHOD_MATCH = YES;
				COPY_PHASE_STRIP = NO;
				DEBUG_INFORMATION_FORMAT = "dwarf-with-dsym";
				ENABLE_NS_ASSERTIONS = NO;
				ENABLE_STRICT_OBJC_MSGSEND = YES;
				GCC_C_LANGUAGE_STANDARD = gnu11;
				GCC_NO_COMMON_BLOCKS = YES;
				GCC_WARN_64_TO_32_BIT_CONVERSION = YES;
				GCC_WARN_ABOUT_RETURN_TYPE = YES_ERROR;
				GCC_WARN_UNDECLARED_SELECTOR = YES;
				GCC_WARN_UNINITIALIZED_AUTOS = YES_AGGRESSIVE;
				GCC_WARN_UNUSED_FUNCTION = YES;
				GCC_WARN_UNUSED_VARIABLE = YES;
				IPHONEOS_DEPLOYMENT_TARGET = 13.0;
				MTL_ENABLE_DEBUG_INFO = NO;
				MTL_FAST_MATH = YES;
				SDKROOT = iphoneos;
				SWIFT_COMPILATION_MODE = wholemodule;
				SWIFT_OPTIMIZATION_LEVEL = "-O";
				VALIDATE_PRODUCT = YES;
			};
			name = Release;
		};
		068E260028F20FFC00C987B7 /* Debug */ = {
			isa = XCBuildConfiguration;
			buildSettings = {
				ASSETCATALOG_COMPILER_APPICON_NAME = AppIcon;
				ASSETCATALOG_COMPILER_GLOBAL_ACCENT_COLOR_NAME = AccentColor;
				CODE_SIGN_STYLE = Automatic;
				CURRENT_PROJECT_VERSION = 1;
				DEVELOPMENT_TEAM = SAVTXQ62KA;
				GENERATE_INFOPLIST_FILE = YES;
				INFOPLIST_FILE = "TDD_CRUD-Form/Info.plist";
				INFOPLIST_KEY_UIApplicationSupportsIndirectInputEvents = YES;
				INFOPLIST_KEY_UILaunchStoryboardName = LaunchScreen;
				INFOPLIST_KEY_UIMainStoryboardFile = Main;
				INFOPLIST_KEY_UISupportedInterfaceOrientations_iPad = "UIInterfaceOrientationPortrait UIInterfaceOrientationPortraitUpsideDown UIInterfaceOrientationLandscapeLeft UIInterfaceOrientationLandscapeRight";
				INFOPLIST_KEY_UISupportedInterfaceOrientations_iPhone = "UIInterfaceOrientationPortrait UIInterfaceOrientationLandscapeLeft UIInterfaceOrientationLandscapeRight";
				LD_RUNPATH_SEARCH_PATHS = (
					"$(inherited)",
					"@executable_path/Frameworks",
				);
				MARKETING_VERSION = 1.0;
				PRODUCT_BUNDLE_IDENTIFIER = "com.lucaspinto.TDD-CRUD-Form";
				PRODUCT_NAME = "$(TARGET_NAME)";
				SWIFT_EMIT_LOC_STRINGS = YES;
				SWIFT_VERSION = 5.0;
				TARGETED_DEVICE_FAMILY = "1,2";
			};
			name = Debug;
		};
		068E260128F20FFC00C987B7 /* Release */ = {
			isa = XCBuildConfiguration;
			buildSettings = {
				ASSETCATALOG_COMPILER_APPICON_NAME = AppIcon;
				ASSETCATALOG_COMPILER_GLOBAL_ACCENT_COLOR_NAME = AccentColor;
				CODE_SIGN_STYLE = Automatic;
				CURRENT_PROJECT_VERSION = 1;
				DEVELOPMENT_TEAM = SAVTXQ62KA;
				GENERATE_INFOPLIST_FILE = YES;
				INFOPLIST_FILE = "TDD_CRUD-Form/Info.plist";
				INFOPLIST_KEY_UIApplicationSupportsIndirectInputEvents = YES;
				INFOPLIST_KEY_UILaunchStoryboardName = LaunchScreen;
				INFOPLIST_KEY_UIMainStoryboardFile = Main;
				INFOPLIST_KEY_UISupportedInterfaceOrientations_iPad = "UIInterfaceOrientationPortrait UIInterfaceOrientationPortraitUpsideDown UIInterfaceOrientationLandscapeLeft UIInterfaceOrientationLandscapeRight";
				INFOPLIST_KEY_UISupportedInterfaceOrientations_iPhone = "UIInterfaceOrientationPortrait UIInterfaceOrientationLandscapeLeft UIInterfaceOrientationLandscapeRight";
				LD_RUNPATH_SEARCH_PATHS = (
					"$(inherited)",
					"@executable_path/Frameworks",
				);
				MARKETING_VERSION = 1.0;
				PRODUCT_BUNDLE_IDENTIFIER = "com.lucaspinto.TDD-CRUD-Form";
				PRODUCT_NAME = "$(TARGET_NAME)";
				SWIFT_EMIT_LOC_STRINGS = YES;
				SWIFT_VERSION = 5.0;
				TARGETED_DEVICE_FAMILY = "1,2";
			};
			name = Release;
		};
		068E260328F20FFC00C987B7 /* Debug */ = {
			isa = XCBuildConfiguration;
			buildSettings = {
				ALWAYS_EMBED_SWIFT_STANDARD_LIBRARIES = YES;
				BUNDLE_LOADER = "$(TEST_HOST)";
				CODE_SIGN_STYLE = Automatic;
				CURRENT_PROJECT_VERSION = 1;
				DEVELOPMENT_TEAM = SAVTXQ62KA;
				GENERATE_INFOPLIST_FILE = YES;
				IPHONEOS_DEPLOYMENT_TARGET = 16.0;
				MARKETING_VERSION = 1.0;
				PRODUCT_BUNDLE_IDENTIFIER = "com.lucaspinto.TDD-CRUD-FormTests";
				PRODUCT_NAME = "$(TARGET_NAME)";
				SWIFT_EMIT_LOC_STRINGS = NO;
				SWIFT_VERSION = 5.0;
				TARGETED_DEVICE_FAMILY = "1,2";
				TEST_HOST = "$(BUILT_PRODUCTS_DIR)/TDD_CRUD-Form.app/$(BUNDLE_EXECUTABLE_FOLDER_PATH)/TDD_CRUD-Form";
			};
			name = Debug;
		};
		068E260428F20FFC00C987B7 /* Release */ = {
			isa = XCBuildConfiguration;
			buildSettings = {
				ALWAYS_EMBED_SWIFT_STANDARD_LIBRARIES = YES;
				BUNDLE_LOADER = "$(TEST_HOST)";
				CODE_SIGN_STYLE = Automatic;
				CURRENT_PROJECT_VERSION = 1;
				DEVELOPMENT_TEAM = SAVTXQ62KA;
				GENERATE_INFOPLIST_FILE = YES;
				IPHONEOS_DEPLOYMENT_TARGET = 16.0;
				MARKETING_VERSION = 1.0;
				PRODUCT_BUNDLE_IDENTIFIER = "com.lucaspinto.TDD-CRUD-FormTests";
				PRODUCT_NAME = "$(TARGET_NAME)";
				SWIFT_EMIT_LOC_STRINGS = NO;
				SWIFT_VERSION = 5.0;
				TARGETED_DEVICE_FAMILY = "1,2";
				TEST_HOST = "$(BUILT_PRODUCTS_DIR)/TDD_CRUD-Form.app/$(BUNDLE_EXECUTABLE_FOLDER_PATH)/TDD_CRUD-Form";
			};
			name = Release;
		};
		068E260628F20FFC00C987B7 /* Debug */ = {
			isa = XCBuildConfiguration;
			buildSettings = {
				ALWAYS_EMBED_SWIFT_STANDARD_LIBRARIES = YES;
				CODE_SIGN_STYLE = Automatic;
				CURRENT_PROJECT_VERSION = 1;
				DEVELOPMENT_TEAM = SAVTXQ62KA;
				GENERATE_INFOPLIST_FILE = YES;
				MARKETING_VERSION = 1.0;
				PRODUCT_BUNDLE_IDENTIFIER = "com.lucaspinto.TDD-CRUD-FormUITests";
				PRODUCT_NAME = "$(TARGET_NAME)";
				SWIFT_EMIT_LOC_STRINGS = NO;
				SWIFT_VERSION = 5.0;
				TARGETED_DEVICE_FAMILY = "1,2";
				TEST_TARGET_NAME = "TDD_CRUD-Form";
			};
			name = Debug;
		};
		068E260728F20FFC00C987B7 /* Release */ = {
			isa = XCBuildConfiguration;
			buildSettings = {
				ALWAYS_EMBED_SWIFT_STANDARD_LIBRARIES = YES;
				CODE_SIGN_STYLE = Automatic;
				CURRENT_PROJECT_VERSION = 1;
				DEVELOPMENT_TEAM = SAVTXQ62KA;
				GENERATE_INFOPLIST_FILE = YES;
				MARKETING_VERSION = 1.0;
				PRODUCT_BUNDLE_IDENTIFIER = "com.lucaspinto.TDD-CRUD-FormUITests";
				PRODUCT_NAME = "$(TARGET_NAME)";
				SWIFT_EMIT_LOC_STRINGS = NO;
				SWIFT_VERSION = 5.0;
				TARGETED_DEVICE_FAMILY = "1,2";
				TEST_TARGET_NAME = "TDD_CRUD-Form";
			};
			name = Release;
		};
/* End XCBuildConfiguration section */

/* Begin XCConfigurationList section */
		068E25D028F20FFA00C987B7 /* Build configuration list for PBXProject "TDD_CRUD-Form" */ = {
			isa = XCConfigurationList;
			buildConfigurations = (
				068E25FD28F20FFC00C987B7 /* Debug */,
				068E25FE28F20FFC00C987B7 /* Release */,
			);
			defaultConfigurationIsVisible = 0;
			defaultConfigurationName = Release;
		};
		068E25FF28F20FFC00C987B7 /* Build configuration list for PBXNativeTarget "TDD_CRUD-Form" */ = {
			isa = XCConfigurationList;
			buildConfigurations = (
				068E260028F20FFC00C987B7 /* Debug */,
				068E260128F20FFC00C987B7 /* Release */,
			);
			defaultConfigurationIsVisible = 0;
			defaultConfigurationName = Release;
		};
		068E260228F20FFC00C987B7 /* Build configuration list for PBXNativeTarget "TDD_CRUD-FormTests" */ = {
			isa = XCConfigurationList;
			buildConfigurations = (
				068E260328F20FFC00C987B7 /* Debug */,
				068E260428F20FFC00C987B7 /* Release */,
			);
			defaultConfigurationIsVisible = 0;
			defaultConfigurationName = Release;
		};
		068E260528F20FFC00C987B7 /* Build configuration list for PBXNativeTarget "TDD_CRUD-FormUITests" */ = {
			isa = XCConfigurationList;
			buildConfigurations = (
				068E260628F20FFC00C987B7 /* Debug */,
				068E260728F20FFC00C987B7 /* Release */,
			);
			defaultConfigurationIsVisible = 0;
			defaultConfigurationName = Release;
		};
/* End XCConfigurationList section */
	};
	rootObject = 068E25CD28F20FFA00C987B7 /* Project object */;
}
